
Microsoft Visual Studio Solution File, Format Version 12.00
# Visual Studio Express 14 for Web
VisualStudioVersion = 14.0.25420.1
MinimumVisualStudioVersion = 10.0.40219.1
Project("{E24C65DC-7377-472B-9ABA-BC803B73C61A}") = "Saitti", "Saitti\", "{3E07E2B3-CB80-4885-B897-D2149243510F}"
	ProjectSection(WebsiteProperties) = preProject
		TargetFrameworkMoniker = ".NETFramework,Version%3Dv4.5"
		Debug.AspNetCompiler.VirtualPath = "/localhost_13303"
		Debug.AspNetCompiler.PhysicalPath = "Saitti\"
		Debug.AspNetCompiler.TargetPath = "PrecompiledWeb\localhost_13303\"
		Debug.AspNetCompiler.Updateable = "true"
		Debug.AspNetCompiler.ForceOverwrite = "true"
		Debug.AspNetCompiler.FixedNames = "false"
		Debug.AspNetCompiler.Debug = "True"
		Release.AspNetCompiler.VirtualPath = "/localhost_13303"
		Release.AspNetCompiler.PhysicalPath = "Saitti\"
		Release.AspNetCompiler.TargetPath = "PrecompiledWeb\localhost_13303\"
		Release.AspNetCompiler.Updateable = "true"
		Release.AspNetCompiler.ForceOverwrite = "true"
		Release.AspNetCompiler.FixedNames = "false"
		Release.AspNetCompiler.Debug = "False"
		VWDPort = "13303"
		SlnRelativePath = "Saitti\"
	EndProjectSection
EndProject
Project("{E24C65DC-7377-472B-9ABA-BC803B73C61A}") = "TarjousLaskuri(4)", "TarjousLaskuri\", "{F569076D-39A9-4A0B-8D3C-0C1D3D15DCC4}"
	ProjectSection(WebsiteProperties) = preProject
		TargetFrameworkMoniker = ".NETFramework,Version%3Dv4.5.2"
		Debug.AspNetCompiler.VirtualPath = "/localhost_61213"
		Debug.AspNetCompiler.PhysicalPath = "TarjousLaskuri\"
		Debug.AspNetCompiler.TargetPath = "PrecompiledWeb\localhost_61213\"
		Debug.AspNetCompiler.Updateable = "true"
		Debug.AspNetCompiler.ForceOverwrite = "true"
		Debug.AspNetCompiler.FixedNames = "false"
		Debug.AspNetCompiler.Debug = "True"
		Release.AspNetCompiler.VirtualPath = "/localhost_61213"
		Release.AspNetCompiler.PhysicalPath = "TarjousLaskuri\"
		Release.AspNetCompiler.TargetPath = "PrecompiledWeb\localhost_61213\"
		Release.AspNetCompiler.Updateable = "true"
		Release.AspNetCompiler.ForceOverwrite = "true"
		Release.AspNetCompiler.FixedNames = "false"
		Release.AspNetCompiler.Debug = "False"
		VWDPort = "61213"
		SlnRelativePath = "TarjousLaskuri\"
		DefaultWebSiteLanguage = "Visual C#"
	EndProjectSection
EndProject
Project("{E24C65DC-7377-472B-9ABA-BC803B73C61A}") = "Lotto", "Lotto\", "{4AE62184-BDA8-4EF3-9C8E-69A5DBD7290C}"
	ProjectSection(WebsiteProperties) = preProject
		TargetFrameworkMoniker = ".NETFramework,Version%3Dv4.5.2"
		Debug.AspNetCompiler.VirtualPath = "/localhost_56150"
		Debug.AspNetCompiler.PhysicalPath = "Lotto\"
		Debug.AspNetCompiler.TargetPath = "PrecompiledWeb\localhost_56150\"
		Debug.AspNetCompiler.Updateable = "true"
		Debug.AspNetCompiler.ForceOverwrite = "true"
		Debug.AspNetCompiler.FixedNames = "false"
		Debug.AspNetCompiler.Debug = "True"
		Release.AspNetCompiler.VirtualPath = "/localhost_56150"
		Release.AspNetCompiler.PhysicalPath = "Lotto\"
		Release.AspNetCompiler.TargetPath = "PrecompiledWeb\localhost_56150\"
		Release.AspNetCompiler.Updateable = "true"
		Release.AspNetCompiler.ForceOverwrite = "true"
		Release.AspNetCompiler.FixedNames = "false"
		Release.AspNetCompiler.Debug = "False"
		VWDPort = "56150"
		SlnRelativePath = "Lotto\"
		DefaultWebSiteLanguage = "Visual C#"
	EndProjectSection
EndProject
Project("{FAE04EC0-301F-11D3-BF4B-00C04F79EFBC}") = "BLLotto", "BLLotto\BLLotto.csproj", "{DAB2FA77-D17C-449A-B62B-BDAFF7623E3B}"
EndProject
Project("{E24C65DC-7377-472B-9ABA-BC803B73C61A}") = "CalendarController(1)", "CalendarController\", "{EAC71983-34B1-434D-A982-109225897411}"
	ProjectSection(WebsiteProperties) = preProject
		TargetFrameworkMoniker = ".NETFramework,Version%3Dv4.5.2"
		Debug.AspNetCompiler.VirtualPath = "/localhost_58707"
		Debug.AspNetCompiler.PhysicalPath = "CalendarController\"
		Debug.AspNetCompiler.TargetPath = "PrecompiledWeb\localhost_58707\"
		Debug.AspNetCompiler.Updateable = "true"
		Debug.AspNetCompiler.ForceOverwrite = "true"
		Debug.AspNetCompiler.FixedNames = "false"
		Debug.AspNetCompiler.Debug = "True"
		Release.AspNetCompiler.VirtualPath = "/localhost_58707"
		Release.AspNetCompiler.PhysicalPath = "CalendarController\"
		Release.AspNetCompiler.TargetPath = "PrecompiledWeb\localhost_58707\"
		Release.AspNetCompiler.Updateable = "true"
		Release.AspNetCompiler.ForceOverwrite = "true"
		Release.AspNetCompiler.FixedNames = "false"
		Release.AspNetCompiler.Debug = "False"
		VWDPort = "58707"
		SlnRelativePath = "CalendarController\"
	EndProjectSection
EndProject
Project("{FAE04EC0-301F-11D3-BF4B-00C04F79EFBC}") = "DateTimeSpan", "DateTimeSpan\DateTimeSpan.csproj", "{09FA5BD8-97BC-454D-8A8C-76C9B3FC1EFC}"
EndProject
Project("{E24C65DC-7377-472B-9ABA-BC803B73C61A}") = "Asiakastiedot", "Asiakastiedot\", "{2D2B6681-CB1C-4A96-929B-F4B835269EDF}"
	ProjectSection(WebsiteProperties) = preProject
		TargetFrameworkMoniker = ".NETFramework,Version%3Dv4.5.2"
		Debug.AspNetCompiler.VirtualPath = "/localhost_56425"
		Debug.AspNetCompiler.PhysicalPath = "Asiakastiedot\"
		Debug.AspNetCompiler.TargetPath = "PrecompiledWeb\localhost_56425\"
		Debug.AspNetCompiler.Updateable = "true"
		Debug.AspNetCompiler.ForceOverwrite = "true"
		Debug.AspNetCompiler.FixedNames = "false"
		Debug.AspNetCompiler.Debug = "True"
		Release.AspNetCompiler.VirtualPath = "/localhost_56425"
		Release.AspNetCompiler.PhysicalPath = "Asiakastiedot\"
		Release.AspNetCompiler.TargetPath = "PrecompiledWeb\localhost_56425\"
		Release.AspNetCompiler.Updateable = "true"
		Release.AspNetCompiler.ForceOverwrite = "true"
		Release.AspNetCompiler.FixedNames = "false"
		Release.AspNetCompiler.Debug = "False"
		VWDPort = "56425"
		SlnRelativePath = "Asiakastiedot\"
		DefaultWebSiteLanguage = "Visual C#"
	EndProjectSection
EndProject
Project("{E24C65DC-7377-472B-9ABA-BC803B73C61A}") = "VrAsikastiedot", "VrAsikastiedot\", "{4F47EAFA-A7CC-464C-A2A9-FAE889BA9F9F}"
	ProjectSection(WebsiteProperties) = preProject
		TargetFrameworkMoniker = ".NETFramework,Version%3Dv4.5.2"
		Debug.AspNetCompiler.VirtualPath = "/localhost_64706"
		Debug.AspNetCompiler.PhysicalPath = "VrAsikastiedot\"
		Debug.AspNetCompiler.TargetPath = "PrecompiledWeb\localhost_64706\"
		Debug.AspNetCompiler.Updateable = "true"
		Debug.AspNetCompiler.ForceOverwrite = "true"
		Debug.AspNetCompiler.FixedNames = "false"
		Debug.AspNetCompiler.Debug = "True"
		Release.AspNetCompiler.VirtualPath = "/localhost_64706"
		Release.AspNetCompiler.PhysicalPath = "VrAsikastiedot\"
		Release.AspNetCompiler.TargetPath = "PrecompiledWeb\localhost_64706\"
		Release.AspNetCompiler.Updateable = "true"
		Release.AspNetCompiler.ForceOverwrite = "true"
		Release.AspNetCompiler.FixedNames = "false"
		Release.AspNetCompiler.Debug = "False"
		VWDPort = "64706"
		SlnRelativePath = "VrAsikastiedot\"
		DefaultWebSiteLanguage = "Visual C#"
	EndProjectSection
EndProject
Global
	GlobalSection(SolutionConfigurationPlatforms) = preSolution
		Debug|Any CPU = Debug|Any CPU
		Release|Any CPU = Release|Any CPU
	EndGlobalSection
	GlobalSection(ProjectConfigurationPlatforms) = postSolution
		{3E07E2B3-CB80-4885-B897-D2149243510F}.Debug|Any CPU.ActiveCfg = Debug|Any CPU
		{3E07E2B3-CB80-4885-B897-D2149243510F}.Debug|Any CPU.Build.0 = Debug|Any CPU
		{3E07E2B3-CB80-4885-B897-D2149243510F}.Release|Any CPU.ActiveCfg = Debug|Any CPU
		{3E07E2B3-CB80-4885-B897-D2149243510F}.Release|Any CPU.Build.0 = Debug|Any CPU
		{F569076D-39A9-4A0B-8D3C-0C1D3D15DCC4}.Debug|Any CPU.ActiveCfg = Debug|Any CPU
		{F569076D-39A9-4A0B-8D3C-0C1D3D15DCC4}.Debug|Any CPU.Build.0 = Debug|Any CPU
		{F569076D-39A9-4A0B-8D3C-0C1D3D15DCC4}.Release|Any CPU.ActiveCfg = Debug|Any CPU
		{F569076D-39A9-4A0B-8D3C-0C1D3D15DCC4}.Release|Any CPU.Build.0 = Debug|Any CPU
		{4AE62184-BDA8-4EF3-9C8E-69A5DBD7290C}.Debug|Any CPU.ActiveCfg = Debug|Any CPU
		{4AE62184-BDA8-4EF3-9C8E-69A5DBD7290C}.Debug|Any CPU.Build.0 = Debug|Any CPU
		{4AE62184-BDA8-4EF3-9C8E-69A5DBD7290C}.Release|Any CPU.ActiveCfg = Debug|Any CPU
		{4AE62184-BDA8-4EF3-9C8E-69A5DBD7290C}.Release|Any CPU.Build.0 = Debug|Any CPU
		{DAB2FA77-D17C-449A-B62B-BDAFF7623E3B}.Debug|Any CPU.ActiveCfg = Debug|Any CPU
		{DAB2FA77-D17C-449A-B62B-BDAFF7623E3B}.Debug|Any CPU.Build.0 = Debug|Any CPU
		{DAB2FA77-D17C-449A-B62B-BDAFF7623E3B}.Release|Any CPU.ActiveCfg = Release|Any CPU
		{DAB2FA77-D17C-449A-B62B-BDAFF7623E3B}.Release|Any CPU.Build.0 = Release|Any CPU
		{EAC71983-34B1-434D-A982-109225897411}.Debug|Any CPU.ActiveCfg = Debug|Any CPU
		{EAC71983-34B1-434D-A982-109225897411}.Debug|Any CPU.Build.0 = Debug|Any CPU
		{EAC71983-34B1-434D-A982-109225897411}.Release|Any CPU.ActiveCfg = Debug|Any CPU
		{EAC71983-34B1-434D-A982-109225897411}.Release|Any CPU.Build.0 = Debug|Any CPU
		{09FA5BD8-97BC-454D-8A8C-76C9B3FC1EFC}.Debug|Any CPU.ActiveCfg = Debug|Any CPU
		{09FA5BD8-97BC-454D-8A8C-76C9B3FC1EFC}.Debug|Any CPU.Build.0 = Debug|Any CPU
		{09FA5BD8-97BC-454D-8A8C-76C9B3FC1EFC}.Release|Any CPU.ActiveCfg = Release|Any CPU
		{09FA5BD8-97BC-454D-8A8C-76C9B3FC1EFC}.Release|Any CPU.Build.0 = Release|Any CPU
		{2D2B6681-CB1C-4A96-929B-F4B835269EDF}.Debug|Any CPU.ActiveCfg = Debug|Any CPU
		{2D2B6681-CB1C-4A96-929B-F4B835269EDF}.Debug|Any CPU.Build.0 = Debug|Any CPU
		{2D2B6681-CB1C-4A96-929B-F4B835269EDF}.Release|Any CPU.ActiveCfg = Debug|Any CPU
		{2D2B6681-CB1C-4A96-929B-F4B835269EDF}.Release|Any CPU.Build.0 = Debug|Any CPU
		{4F47EAFA-A7CC-464C-A2A9-FAE889BA9F9F}.Debug|Any CPU.ActiveCfg = Debug|Any CPU
		{4F47EAFA-A7CC-464C-A2A9-FAE889BA9F9F}.Debug|Any CPU.Build.0 = Debug|Any CPU
		{4F47EAFA-A7CC-464C-A2A9-FAE889BA9F9F}.Release|Any CPU.ActiveCfg = Debug|Any CPU
		{4F47EAFA-A7CC-464C-A2A9-FAE889BA9F9F}.Release|Any CPU.Build.0 = Debug|Any CPU
	EndGlobalSection
	GlobalSection(SolutionProperties) = preSolution
		HideSolutionNode = FALSE
	EndGlobalSection
EndGlobal
